
Microsoft Visual Studio Solution File, Format Version 12.00
# Visual Studio Version 16
VisualStudioVersion = 16.0.32002.261
MinimumVisualStudioVersion = 10.0.40219.1
Project("{FAE04EC0-301F-11D3-BF4B-00C04F79EFBC}") = "LS_2_FirstVariable", "LS_2_FirstVariable.csproj", "{B4FF70A2-50DF-4770-B403-42FEFD1BCEF6}"
EndProject
Global
	GlobalSection(SolutionConfigurationPlatforms) = preSolution
		Debug|Any CPU = Debug|Any CPU
		Release|Any CPU = Release|Any CPU
	EndGlobalSection
	GlobalSection(ProjectConfigurationPlatforms) = postSolution
		{B4FF70A2-50DF-4770-B403-42FEFD1BCEF6}.Debug|Any CPU.ActiveCfg = Debug|Any CPU
		{B4FF70A2-50DF-4770-B403-42FEFD1BCEF6}.Debug|Any CPU.Build.0 = Debug|Any CPU
		{B4FF70A2-50DF-4770-B403-42FEFD1BCEF6}.Release|Any CPU.ActiveCfg = Release|Any CPU
		{B4FF70A2-50DF-4770-B403-42FEFD1BCEF6}.Release|Any CPU.Build.0 = Release|Any CPU
	EndGlobalSection
	GlobalSection(SolutionProperties) = preSolution
		HideSolutionNode = FALSE
	EndGlobalSection
	GlobalSection(ExtensibilityGlobals) = postSolution
		SolutionGuid = {DB0C2CFE-8048-4F01-A513-909B74AC72A9}
	EndGlobalSection
EndGlobal
